PODS:
  - Kiwi (3.0.0)
  - Transform/Core (0.1.0)
  - Transform/UnrecognizedSelector (0.1.0):
    - Transform/Core

DEPENDENCIES:
  - Kiwi
  - Transform/UnrecognizedSelector (from `../`)

SPEC REPOS:
  trunk:
    - Kiwi

EXTERNAL SOURCES:
  Transform:
    :path: "../"

SPEC CHECKSUMS:
  Kiwi: fbeafef0f00e4d8f7dcb3420a4930afe70af77f7
  Transform: 3e5ce156fe5059efd0379875f45f41a54e713047

PODFILE CHECKSUM: b4cb1e3a7965a454775c7be3e2d0cc6045e171f1

COCOAPODS: 1.9.3
